// !$*UTF8*$!
{
	archiveVersion = 1;
	classes = {
	};
	objectVersion = 56;
	objects = {

/* Begin PBXBuildFile section */
		B32B47E82AEFF09400B69D39 /* OptionButton.swift in Sources */ = {isa = PBXBuildFile; fileRef = B32B47E72AEFF09400B69D39 /* OptionButton.swift */; };
		B32B47EE2AF02C6E00B69D39 /* CartViewController.swift in Sources */ = {isa = PBXBuildFile; fileRef = B32B47ED2AF02C6E00B69D39 /* CartViewController.swift */; };
		B33B25F32AEC0EB8004DDF9F /* AppDelegate.swift in Sources */ = {isa = PBXBuildFile; fileRef = B33B25F22AEC0EB8004DDF9F /* AppDelegate.swift */; };
		B33B25F52AEC0EB8004DDF9F /* SceneDelegate.swift in Sources */ = {isa = PBXBuildFile; fileRef = B33B25F42AEC0EB8004DDF9F /* SceneDelegate.swift */; };
		B33B25F72AEC0EB8004DDF9F /* MenuViewController.swift in Sources */ = {isa = PBXBuildFile; fileRef = B33B25F62AEC0EB8004DDF9F /* MenuViewController.swift */; };
		B33B25FA2AEC0EB8004DDF9F /* Main.storyboard in Resources */ = {isa = PBXBuildFile; fileRef = B33B25F82AEC0EB8004DDF9F /* Main.storyboard */; };
		B33B25FC2AEC0EB9004DDF9F /* Assets.xcassets in Resources */ = {isa = PBXBuildFile; fileRef = B33B25FB2AEC0EB9004DDF9F /* Assets.xcassets */; };
		B33B25FF2AEC0EB9004DDF9F /* LaunchScreen.storyboard in Resources */ = {isa = PBXBuildFile; fileRef = B33B25FD2AEC0EB9004DDF9F /* LaunchScreen.storyboard */; };
		B33B260C2AEC11FB004DDF9F /* Data.swift in Sources */ = {isa = PBXBuildFile; fileRef = B33B260B2AEC11FB004DDF9F /* Data.swift */; };
		B33B260E2AEC1746004DDF9F /* Util.swift in Sources */ = {isa = PBXBuildFile; fileRef = B33B260D2AEC1746004DDF9F /* Util.swift */; };
		B33B26102AEC1DB4004DDF9F /* SelectGroupTableViewCell.swift in Sources */ = {isa = PBXBuildFile; fileRef = B33B260F2AEC1DB4004DDF9F /* SelectGroupTableViewCell.swift */; };
		B3BCBF392AF2458A007749DB /* CartTableViewCell.swift in Sources */ = {isa = PBXBuildFile; fileRef = B3BCBF382AF2458A007749DB /* CartTableViewCell.swift */; };
/* End PBXBuildFile section */

/* Begin PBXFileReference section */
		B32B47E72AEFF09400B69D39 /* OptionButton.swift */ = {isa = PBXFileReference; lastKnownFileType = sourcecode.swift; path = OptionButton.swift; sourceTree = "<group>"; };
		B32B47ED2AF02C6E00B69D39 /* CartViewController.swift */ = {isa = PBXFileReference; lastKnownFileType = sourcecode.swift; path = CartViewController.swift; sourceTree = "<group>"; };
		B33B25EF2AEC0EB8004DDF9F /* Week5.app */ = {isa = PBXFileReference; explicitFileType = wrapper.application; includeInIndex = 0; path = Week5.app; sourceTree = BUILT_PRODUCTS_DIR; };
		B33B25F22AEC0EB8004DDF9F /* AppDelegate.swift */ = {isa = PBXFileReference; lastKnownFileType = sourcecode.swift; path = AppDelegate.swift; sourceTree = "<group>"; };
		B33B25F42AEC0EB8004DDF9F /* SceneDelegate.swift */ = {isa = PBXFileReference; lastKnownFileType = sourcecode.swift; path = SceneDelegate.swift; sourceTree = "<group>"; };
		B33B25F62AEC0EB8004DDF9F /* MenuViewController.swift */ = {isa = PBXFileReference; lastKnownFileType = sourcecode.swift; path = MenuViewController.swift; sourceTree = "<group>"; };
		B33B25F92AEC0EB8004DDF9F /* Base */ = {isa = PBXFileReference; lastKnownFileType = file.storyboard; name = Base; path = Base.lproj/Main.storyboard; sourceTree = "<group>"; };
		B33B25FB2AEC0EB9004DDF9F /* Assets.xcassets */ = {isa = PBXFileReference; lastKnownFileType = folder.assetcatalog; path = Assets.xcassets; sourceTree = "<group>"; };
		B33B25FE2AEC0EB9004DDF9F /* Base */ = {isa = PBXFileReference; lastKnownFileType = file.storyboard; name = Base; path = Base.lproj/LaunchScreen.storyboard; sourceTree = "<group>"; };
		B33B26002AEC0EB9004DDF9F /* Info.plist */ = {isa = PBXFileReference; lastKnownFileType = text.plist.xml; path = Info.plist; sourceTree = "<group>"; };
		B33B260B2AEC11FB004DDF9F /* Data.swift */ = {isa = PBXFileReference; lastKnownFileType = sourcecode.swift; path = Data.swift; sourceTree = "<group>"; };
		B33B260D2AEC1746004DDF9F /* Util.swift */ = {isa = PBXFileReference; lastKnownFileType = sourcecode.swift; path = Util.swift; sourceTree = "<group>"; };
		B33B260F2AEC1DB4004DDF9F /* SelectGroupTableViewCell.swift */ = {isa = PBXFileReference; lastKnownFileType = sourcecode.swift; path = SelectGroupTableViewCell.swift; sourceTree = "<group>"; };
		B3BCBF382AF2458A007749DB /* CartTableViewCell.swift */ = {isa = PBXFileReference; lastKnownFileType = sourcecode.swift; path = CartTableViewCell.swift; sourceTree = "<group>"; };
/* End PBXFileReference section */

/* Begin PBXFrameworksBuildPhase section */
		B33B25EC2AEC0EB8004DDF9F /* Frameworks */ = {
			isa = PBXFrameworksBuildPhase;
			buildActionMask = 2147483647;
			files = (
			);
			runOnlyForDeploymentPostprocessing = 0;
		};
/* End PBXFrameworksBuildPhase section */

/* Begin PBXGroup section */
		B32B47E92AEFF0AA00B69D39 /* UI */ = {
			isa = PBXGroup;
			children = (
				B32B47E72AEFF09400B69D39 /* OptionButton.swift */,
			);
			path = UI;
			sourceTree = "<group>";
		};
		B33B25E62AEC0EB8004DDF9F = {
			isa = PBXGroup;
			children = (
				B33B25F12AEC0EB8004DDF9F /* Week5 */,
				B33B25F02AEC0EB8004DDF9F /* Products */,
			);
			sourceTree = "<group>";
		};
		B33B25F02AEC0EB8004DDF9F /* Products */ = {
			isa = PBXGroup;
			children = (
				B33B25EF2AEC0EB8004DDF9F /* Week5.app */,
			);
			name = Products;
			sourceTree = "<group>";
		};
		B33B25F12AEC0EB8004DDF9F /* Week5 */ = {
			isa = PBXGroup;
			children = (
				B33B260B2AEC11FB004DDF9F /* Data.swift */,
				B33B260D2AEC1746004DDF9F /* Util.swift */,
				B33B260A2AEC1174004DDF9F /* ViewController */,
				B33B26062AEC0EBC004DDF9F /* View */,
				B33B25F22AEC0EB8004DDF9F /* AppDelegate.swift */,
				B33B25F42AEC0EB8004DDF9F /* SceneDelegate.swift */,
				B33B25F82AEC0EB8004DDF9F /* Main.storyboard */,
				B33B25FB2AEC0EB9004DDF9F /* Assets.xcassets */,
				B33B25FD2AEC0EB9004DDF9F /* LaunchScreen.storyboard */,
				B33B26002AEC0EB9004DDF9F /* Info.plist */,
			);
			path = Week5;
			sourceTree = "<group>";
		};
		B33B26062AEC0EBC004DDF9F /* View */ = {
			isa = PBXGroup;
			children = (
				B32B47E92AEFF0AA00B69D39 /* UI */,
				B33B26072AEC0EC3004DDF9F /* Cell */,
			);
			path = View;
			sourceTree = "<group>";
		};
		B33B26072AEC0EC3004DDF9F /* Cell */ = {
			isa = PBXGroup;
			children = (
				B33B260F2AEC1DB4004DDF9F /* SelectGroupTableViewCell.swift */,
				B3BCBF382AF2458A007749DB /* CartTableViewCell.swift */,
			);
			path = Cell;
			sourceTree = "<group>";
		};
		B33B260A2AEC1174004DDF9F /* ViewController */ = {
			isa = PBXGroup;
			children = (
				B33B25F62AEC0EB8004DDF9F /* MenuViewController.swift */,
				B32B47ED2AF02C6E00B69D39 /* CartViewController.swift */,
			);
			path = ViewController;
			sourceTree = "<group>";
		};
/* End PBXGroup section */

/* Begin PBXNativeTarget section */
		B33B25EE2AEC0EB8004DDF9F /* Week5 */ = {
			isa = PBXNativeTarget;
			buildConfigurationList = B33B26032AEC0EB9004DDF9F /* Build configuration list for PBXNativeTarget "Week5" */;
			buildPhases = (
				B33B25EB2AEC0EB8004DDF9F /* Sources */,
				B33B25EC2AEC0EB8004DDF9F /* Frameworks */,
				B33B25ED2AEC0EB8004DDF9F /* Resources */,
			);
			buildRules = (
			);
			dependencies = (
			);
			name = Week5;
			productName = Week5;
			productReference = B33B25EF2AEC0EB8004DDF9F /* Week5.app */;
			productType = "com.apple.product-type.application";
		};
/* End PBXNativeTarget section */

/* Begin PBXProject section */
		B33B25E72AEC0EB8004DDF9F /* Project object */ = {
			isa = PBXProject;
			attributes = {
				BuildIndependentTargetsInParallel = 1;
				LastSwiftUpdateCheck = 1500;
				LastUpgradeCheck = 1500;
				TargetAttributes = {
					B33B25EE2AEC0EB8004DDF9F = {
						CreatedOnToolsVersion = 15.0.1;
					};
				};
			};
			buildConfigurationList = B33B25EA2AEC0EB8004DDF9F /* Build configuration list for PBXProject "Week5" */;
			compatibilityVersion = "Xcode 14.0";
			developmentRegion = en;
			hasScannedForEncodings = 0;
			knownRegions = (
				en,
				Base,
			);
			mainGroup = B33B25E62AEC0EB8004DDF9F;
			productRefGroup = B33B25F02AEC0EB8004DDF9F /* Products */;
			projectDirPath = "";
			projectRoot = "";
			targets = (
				B33B25EE2AEC0EB8004DDF9F /* Week5 */,
			);
		};
/* End PBXProject section */

/* Begin PBXResourcesBuildPhase section */
		B33B25ED2AEC0EB8004DDF9F /* Resources */ = {
			isa = PBXResourcesBuildPhase;
			buildActionMask = 2147483647;
			files = (
				B33B25FF2AEC0EB9004DDF9F /* LaunchScreen.storyboard in Resources */,
				B33B25FC2AEC0EB9004DDF9F /* Assets.xcassets in Resources */,
				B33B25FA2AEC0EB8004DDF9F /* Main.storyboard in Resources */,
			);
			runOnlyForDeploymentPostprocessing = 0;
		};
/* End PBXResourcesBuildPhase section */

/* Begin PBXSourcesBuildPhase section */
		B33B25EB2AEC0EB8004DDF9F /* Sources */ = {
			isa = PBXSourcesBuildPhase;
			buildActionMask = 2147483647;
			files = (
				B33B25F72AEC0EB8004DDF9F /* MenuViewController.swift in Sources */,
				B32B47E82AEFF09400B69D39 /* OptionButton.swift in Sources */,
				B33B260E2AEC1746004DDF9F /* Util.swift in Sources */,
				B3BCBF392AF2458A007749DB /* CartTableViewCell.swift in Sources */,
				B33B260C2AEC11FB004DDF9F /* Data.swift in Sources */,
				B32B47EE2AF02C6E00B69D39 /* CartViewController.swift in Sources */,
				B33B26102AEC1DB4004DDF9F /* SelectGroupTableViewCell.swift in Sources */,
				B33B25F32AEC0EB8004DDF9F /* AppDelegate.swift in Sources */,
				B33B25F52AEC0EB8004DDF9F /* SceneDelegate.swift in Sources */,
			);
			runOnlyForDeploymentPostprocessing = 0;
		};
/* End PBXSourcesBuildPhase section */

/* Begin PBXVariantGroup section */
		B33B25F82AEC0EB8004DDF9F /* Main.storyboard */ = {
			isa = PBXVariantGroup;
			children = (
				B33B25F92AEC0EB8004DDF9F /* Base */,
			);
			name = Main.storyboard;
			sourceTree = "<group>";
		};
		B33B25FD2AEC0EB9004DDF9F /* LaunchScreen.storyboard */ = {
			isa = PBXVariantGroup;
			children = (
				B33B25FE2AEC0EB9004DDF9F /* Base */,
			);
			name = LaunchScreen.storyboard;
			sourceTree = "<group>";
		};
/* End PBXVariantGroup section */

/* Begin XCBuildConfiguration section */
		B33B26012AEC0EB9004DDF9F /* Debug */ = {
			isa = XCBuildConfiguration;
			buildSettings = {
				ALWAYS_SEARCH_USER_PATHS = NO;
				ASSETCATALOG_COMPILER_GENERATE_SWIFT_ASSET_SYMBOL_EXTENSIONS = YES;
				CLANG_ANALYZER_NONNULL = YES;
				CLANG_ANALYZER_NUMBER_OBJECT_CONVERSION = YES_AGGRESSIVE;
				CLANG_CXX_LANGUAGE_STANDARD = "gnu++20";
				CLANG_ENABLE_MODULES = YES;
				CLANG_ENABLE_OBJC_ARC = YES;
				CLANG_ENABLE_OBJC_WEAK = YES;
				CLANG_WARN_BLOCK_CAPTURE_AUTORELEASING = YES;
				CLANG_WARN_BOOL_CONVERSION = YES;
				CLANG_WARN_COMMA = YES;
				CLANG_WARN_CONSTANT_CONVERSION = YES;
				CLANG_WARN_DEPRECATED_OBJC_IMPLEMENTATIONS = YES;
				CLANG_WARN_DIRECT_OBJC_ISA_USAGE = YES_ERROR;
				CLANG_WARN_DOCUMENTATION_COMMENTS = YES;
				CLANG_WARN_EMPTY_BODY = YES;
				CLANG_WARN_ENUM_CONVERSION = YES;
				CLANG_WARN_INFINITE_RECURSION = YES;
				CLANG_WARN_INT_CONVERSION = YES;
				CLANG_WARN_NON_LITERAL_NULL_CONVERSION = YES;
				CLANG_WARN_OBJC_IMPLICIT_RETAIN_SELF = YES;
				CLANG_WARN_OBJC_LITERAL_CONVERSION = YES;
				CLANG_WARN_OBJC_ROOT_CLASS = YES_ERROR;
				CLANG_WARN_QUOTED_INCLUDE_IN_FRAMEWORK_HEADER = YES;
				CLANG_WARN_RANGE_LOOP_ANALYSIS = YES;
				CLANG_WARN_STRICT_PROTOTYPES = YES;
				CLANG_WARN_SUSPICIOUS_MOVE = YES;
				CLANG_WARN_UNGUARDED_AVAILABILITY = YES_AGGRESSIVE;
				CLANG_WARN_UNREACHABLE_CODE = YES;
				CLANG_WARN__DUPLICATE_METHOD_MATCH = YES;
				COPY_PHASE_STRIP = NO;
				DEBUG_INFORMATION_FORMAT = dwarf;
				ENABLE_STRICT_OBJC_MSGSEND = YES;
				ENABLE_TESTABILITY = YES;
				ENABLE_USER_SCRIPT_SANDBOXING = YES;
				GCC_C_LANGUAGE_STANDARD = gnu17;
				GCC_DYNAMIC_NO_PIC = NO;
				GCC_NO_COMMON_BLOCKS = YES;
				GCC_OPTIMIZATION_LEVEL = 0;
				GCC_PREPROCESSOR_DEFINITIONS = (
					"DEBUG=1",
					"$(inherited)",
				);
				GCC_WARN_64_TO_32_BIT_CONVERSION = YES;
				GCC_WARN_ABOUT_RETURN_TYPE = YES_ERROR;
				GCC_WARN_UNDECLARED_SELECTOR = YES;
				GCC_WARN_UNINITIALIZED_AUTOS = YES_AGGRESSIVE;
				GCC_WARN_UNUSED_FUNCTION = YES;
				GCC_WARN_UNUSED_VARIABLE = YES;
				IPHONEOS_DEPLOYMENT_TARGET = 17.0;
				LOCALIZATION_PREFERS_STRING_CATALOGS = YES;
				MTL_ENABLE_DEBUG_INFO = INCLUDE_SOURCE;
				MTL_FAST_MATH = YES;
				ONLY_ACTIVE_ARCH = YES;
				SDKROOT = iphoneos;
				SWIFT_ACTIVE_COMPILATION_CONDITIONS = "DEBUG $(inherited)";
				SWIFT_OPTIMIZATION_LEVEL = "-Onone";
			};
			name = Debug;
		};
		B33B26022AEC0EB9004DDF9F /* Release */ = {
			isa = XCBuildConfiguration;
			buildSettings = {
				ALWAYS_SEARCH_USER_PATHS = NO;
				ASSETCATALOG_COMPILER_GENERATE_SWIFT_ASSET_SYMBOL_EXTENSIONS = YES;
				CLANG_ANALYZER_NONNULL = YES;
				CLANG_ANALYZER_NUMBER_OBJECT_CONVERSION = YES_AGGRESSIVE;
				CLANG_CXX_LANGUAGE_STANDARD = "gnu++20";
				CLANG_ENABLE_MODULES = YES;
				CLANG_ENABLE_OBJC_ARC = YES;
				CLANG_ENABLE_OBJC_WEAK = YES;
				CLANG_WARN_BLOCK_CAPTURE_AUTORELEASING = YES;
				CLANG_WARN_BOOL_CONVERSION = YES;
				CLANG_WARN_COMMA = YES;
				CLANG_WARN_CONSTANT_CONVERSION = YES;
				CLANG_WARN_DEPRECATED_OBJC_IMPLEMENTATIONS = YES;
				CLANG_WARN_DIRECT_OBJC_ISA_USAGE = YES_ERROR;
				CLANG_WARN_DOCUMENTATION_COMMENTS = YES;
				CLANG_WARN_EMPTY_BODY = YES;
				CLANG_WARN_ENUM_CONVERSION = YES;
				CLANG_WARN_INFINITE_RECURSION = YES;
				CLANG_WARN_INT_CONVERSION = YES;
				CLANG_WARN_NON_LITERAL_NULL_CONVERSION = YES;
				CLANG_WARN_OBJC_IMPLICIT_RETAIN_SELF = YES;
				CLANG_WARN_OBJC_LITERAL_CONVERSION = YES;
				CLANG_WARN_OBJC_ROOT_CLASS = YES_ERROR;
				CLANG_WARN_QUOTED_INCLUDE_IN_FRAMEWORK_HEADER = YES;
				CLANG_WARN_RANGE_LOOP_ANALYSIS = YES;
				CLANG_WARN_STRICT_PROTOTYPES = YES;
				CLANG_WARN_SUSPICIOUS_MOVE = YES;
				CLANG_WARN_UNGUARDED_AVAILABILITY = YES_AGGRESSIVE;
				CLANG_WARN_UNREACHABLE_CODE = YES;
				CLANG_WARN__DUPLICATE_METHOD_MATCH = YES;
				COPY_PHASE_STRIP = NO;
				DEBUG_INFORMATION_FORMAT = "dwarf-with-dsym";
				ENABLE_NS_ASSERTIONS = NO;
				ENABLE_STRICT_OBJC_MSGSEND = YES;
				ENABLE_USER_SCRIPT_SANDBOXING = YES;
				GCC_C_LANGUAGE_STANDARD = gnu17;
				GCC_NO_COMMON_BLOCKS = YES;
				GCC_WARN_64_TO_32_BIT_CONVERSION = YES;
				GCC_WARN_ABOUT_RETURN_TYPE = YES_ERROR;
				GCC_WARN_UNDECLARED_SELECTOR = YES;
				GCC_WARN_UNINITIALIZED_AUTOS = YES_AGGRESSIVE;
				GCC_WARN_UNUSED_FUNCTION = YES;
				GCC_WARN_UNUSED_VARIABLE = YES;
				IPHONEOS_DEPLOYMENT_TARGET = 17.0;
				LOCALIZATION_PREFERS_STRING_CATALOGS = YES;
				MTL_ENABLE_DEBUG_INFO = NO;
				MTL_FAST_MATH = YES;
				SDKROOT = iphoneos;
				SWIFT_COMPILATION_MODE = wholemodule;
				VALIDATE_PRODUCT = YES;
			};
			name = Release;
		};
		B33B26042AEC0EB9004DDF9F /* Debug */ = {
			isa = XCBuildConfiguration;
			buildSettings = {
				ASSETCATALOG_COMPILER_APPICON_NAME = AppIcon;
				ASSETCATALOG_COMPILER_GLOBAL_ACCENT_COLOR_NAME = AccentColor;
				CODE_SIGN_STYLE = Automatic;
				CURRENT_PROJECT_VERSION = 1;
				DEVELOPMENT_TEAM = 5G8C5Q7JXY;
				GENERATE_INFOPLIST_FILE = YES;
				INFOPLIST_FILE = Week5/Info.plist;
				INFOPLIST_KEY_UIApplicationSupportsIndirectInputEvents = YES;
				INFOPLIST_KEY_UILaunchStoryboardName = LaunchScreen;
				INFOPLIST_KEY_UIMainStoryboardFile = Main;
				INFOPLIST_KEY_UISupportedInterfaceOrientations_iPad = "UIInterfaceOrientationPortrait UIInterfaceOrientationPortraitUpsideDown UIInterfaceOrientationLandscapeLeft UIInterfaceOrientationLandscapeRight";
				INFOPLIST_KEY_UISupportedInterfaceOrientations_iPhone = "UIInterfaceOrientationPortrait UIInterfaceOrientationLandscapeLeft UIInterfaceOrientationLandscapeRight";
				LD_RUNPATH_SEARCH_PATHS = (
					"$(inherited)",
					"@executable_path/Frameworks",
				);
				MARKETING_VERSION = 1.0;
				PRODUCT_BUNDLE_IDENTIFIER = com.jeuke.Week5;
				PRODUCT_NAME = "$(TARGET_NAME)";
				SWIFT_EMIT_LOC_STRINGS = YES;
				SWIFT_VERSION = 5.0;
				TARGETED_DEVICE_FAMILY = "1,2";
			};
			name = Debug;
		};
		B33B26052AEC0EB9004DDF9F /* Release */ = {
			isa = XCBuildConfiguration;
			buildSettings = {
				ASSETCATALOG_COMPILER_APPICON_NAME = AppIcon;
				ASSETCATALOG_COMPILER_GLOBAL_ACCENT_COLOR_NAME = AccentColor;
				CODE_SIGN_STYLE = Automatic;
				CURRENT_PROJECT_VERSION = 1;
				DEVELOPMENT_TEAM = 5G8C5Q7JXY;
				GENERATE_INFOPLIST_FILE = YES;
				INFOPLIST_FILE = Week5/Info.plist;
				INFOPLIST_KEY_UIApplicationSupportsIndirectInputEvents = YES;
				INFOPLIST_KEY_UILaunchStoryboardName = LaunchScreen;
				INFOPLIST_KEY_UIMainStoryboardFile = Main;
				INFOPLIST_KEY_UISupportedInterfaceOrientations_iPad = "UIInterfaceOrientationPortrait UIInterfaceOrientationPortraitUpsideDown UIInterfaceOrientationLandscapeLeft UIInterfaceOrientationLandscapeRight";
				INFOPLIST_KEY_UISupportedInterfaceOrientations_iPhone = "UIInterfaceOrientationPortrait UIInterfaceOrientationLandscapeLeft UIInterfaceOrientationLandscapeRight";
				LD_RUNPATH_SEARCH_PATHS = (
					"$(inherited)",
					"@executable_path/Frameworks",
				);
				MARKETING_VERSION = 1.0;
				PRODUCT_BUNDLE_IDENTIFIER = com.jeuke.Week5;
				PRODUCT_NAME = "$(TARGET_NAME)";
				SWIFT_EMIT_LOC_STRINGS = YES;
				SWIFT_VERSION = 5.0;
				TARGETED_DEVICE_FAMILY = "1,2";
			};
			name = Release;
		};
/* End XCBuildConfiguration section */

/* Begin XCConfigurationList section */
		B33B25EA2AEC0EB8004DDF9F /* Build configuration list for PBXProject "Week5" */ = {
			isa = XCConfigurationList;
			buildConfigurations = (
				B33B26012AEC0EB9004DDF9F /* Debug */,
				B33B26022AEC0EB9004DDF9F /* Release */,
			);
			defaultConfigurationIsVisible = 0;
			defaultConfigurationName = Release;
		};
		B33B26032AEC0EB9004DDF9F /* Build configuration list for PBXNativeTarget "Week5" */ = {
			isa = XCConfigurationList;
			buildConfigurations = (
				B33B26042AEC0EB9004DDF9F /* Debug */,
				B33B26052AEC0EB9004DDF9F /* Release */,
			);
			defaultConfigurationIsVisible = 0;
			defaultConfigurationName = Release;
		};
/* End XCConfigurationList section */
	};
	rootObject = B33B25E72AEC0EB8004DDF9F /* Project object */;
}
