{
  "pins" : [
    {
      "identity" : "flexlayout",
      "kind" : "remoteSourceControl",
      "location" : "https://github.com/layoutBox/FlexLayout",
      "state" : {
        "revision" : "0e0e276ab8d780690ff5f30bf70eee79e3074014",
        "version" : "2.0.3"
      }
    },
    {
      "identity" : "pinlayout",
      "kind" : "remoteSourceControl",
      "location" : "https://github.com/layoutBox/PinLayout",
      "state" : {
        "revision" : "8eaa3a15e4dcabaca4c95aea4c0ff0c9b4a67213",
        "version" : "1.10.5"
      }
    },
    {
      "identity" : "rxswift",
      "kind" : "remoteSourceControl",
      "location" : "https://github.com/ReactiveX/RxSwift.git",
      "state" : {
        "revision" : "9dcaa4b333db437b0fbfaf453fad29069044a8b4",
        "version" : "6.6.0"
      }
    }
  ],
  "version" : 2
}
